
Microsoft Visual Studio Solution File, Format Version 12.00
# Visual Studio Version 16
VisualStudioVersion = 16.0.31321.278
MinimumVisualStudioVersion = 10.0.40219.1
Project("{9A19103F-16F7-4668-BE54-9A1E7A4F7556}") = "Restaurant_Management_System_Group_2", "Restaurant_Management_System_Group_2.csproj", "{DB555DAA-521B-44D1-80D2-5F591D93C451}"
EndProject
Global
	GlobalSection(SolutionConfigurationPlatforms) = preSolution
		Debug|Any CPU = Debug|Any CPU
		Release|Any CPU = Release|Any CPU
	EndGlobalSection
	GlobalSection(ProjectConfigurationPlatforms) = postSolution
		{DB555DAA-521B-44D1-80D2-5F591D93C451}.Debug|Any CPU.ActiveCfg = Debug|Any CPU
		{DB555DAA-521B-44D1-80D2-5F591D93C451}.Debug|Any CPU.Build.0 = Debug|Any CPU
		{DB555DAA-521B-44D1-80D2-5F591D93C451}.Release|Any CPU.ActiveCfg = Release|Any CPU
		{DB555DAA-521B-44D1-80D2-5F591D93C451}.Release|Any CPU.Build.0 = Release|Any CPU
	EndGlobalSection
	GlobalSection(SolutionProperties) = preSolution
		HideSolutionNode = FALSE
	EndGlobalSection
	GlobalSection(ExtensibilityGlobals) = postSolution
		SolutionGuid = {EEC97AC4-D511-4F01-85C7-7028858B2569}
	EndGlobalSection
EndGlobal
